// !$*UTF8*$!
{
	archiveVersion = 1;
	classes = {
	};
	objectVersion = 46;
	objects = {

/* Begin PBXBuildFile section */
		1D60589B0D05DD56006BFB54 /* main.m in Sources */ = {isa = PBXBuildFile; fileRef = 29B97316FDCFA39411CA2CEA /* main.m */; };
		A618BB9A1607DE7300755CE7 /* Default-568h@2x.png in Resources */ = {isa = PBXBuildFile; fileRef = A618BB991607DE7300755CE7 /* Default-568h@2x.png */; };
		A618BB9C1607DE8A00755CE7 /* lib3DAR_v2_2.a in Frameworks */ = {isa = PBXBuildFile; fileRef = A618BB9B1607DE8A00755CE7 /* lib3DAR_v2_2.a */; };
		A645425712A4E3B40014F23C /* AudioToolbox.framework in Frameworks */ = {isa = PBXBuildFile; fileRef = A645425612A4E3B40014F23C /* AudioToolbox.framework */; };
		A645425912A4E3B40014F23C /* CoreGraphics.framework in Frameworks */ = {isa = PBXBuildFile; fileRef = A645425812A4E3B40014F23C /* CoreGraphics.framework */; };
		A645425B12A4E3B40014F23C /* CoreLocation.framework in Frameworks */ = {isa = PBXBuildFile; fileRef = A645425A12A4E3B40014F23C /* CoreLocation.framework */; };
		A645425D12A4E3B40014F23C /* CoreMotion.framework in Frameworks */ = {isa = PBXBuildFile; fileRef = A645425C12A4E3B40014F23C /* CoreMotion.framework */; };
		A645425F12A4E3B40014F23C /* Foundation.framework in Frameworks */ = {isa = PBXBuildFile; fileRef = A645425E12A4E3B40014F23C /* Foundation.framework */; };
		A645426112A4E3B40014F23C /* MapKit.framework in Frameworks */ = {isa = PBXBuildFile; fileRef = A645426012A4E3B40014F23C /* MapKit.framework */; };
		A645426312A4E3B40014F23C /* OpenGLES.framework in Frameworks */ = {isa = PBXBuildFile; fileRef = A645426212A4E3B40014F23C /* OpenGLES.framework */; };
		A645426512A4E3B40014F23C /* QuartzCore.framework in Frameworks */ = {isa = PBXBuildFile; fileRef = A645426412A4E3B40014F23C /* QuartzCore.framework */; };
		A645426712A4E3B40014F23C /* UIKit.framework in Frameworks */ = {isa = PBXBuildFile; fileRef = A645426612A4E3B40014F23C /* UIKit.framework */; };
		A64E6BFF137CB5C6003A06B5 /* refresh_button.png in Resources */ = {isa = PBXBuildFile; fileRef = A64E6BFD137CB5C5003A06B5 /* refresh_button.png */; };
		A64E6C00137CB5C6003A06B5 /* refresh_button@2x.png in Resources */ = {isa = PBXBuildFile; fileRef = A64E6BFE137CB5C6003A06B5 /* refresh_button@2x.png */; };
		A6622C03137A21E30002E03D /* UIApplication_TLCommon.m in Sources */ = {isa = PBXBuildFile; fileRef = A6622BA6137A21E30002E03D /* UIApplication_TLCommon.m */; };
		A6622C04137A21E30002E03D /* UIColor_Expanded.m in Sources */ = {isa = PBXBuildFile; fileRef = A6622BA8137A21E30002E03D /* UIColor_Expanded.m */; };
		A6622C05137A21E30002E03D /* FlipsideView.m in Sources */ = {isa = PBXBuildFile; fileRef = A6622BAB137A21E30002E03D /* FlipsideView.m */; };
		A6622C06137A21E30002E03D /* FlipsideView.xib in Resources */ = {isa = PBXBuildFile; fileRef = A6622BAC137A21E30002E03D /* FlipsideView.xib */; };
		A6622C07137A21E30002E03D /* FlipsideViewController.m in Sources */ = {isa = PBXBuildFile; fileRef = A6622BAE137A21E30002E03D /* FlipsideViewController.m */; };
		A6622C08137A21E30002E03D /* MainView.xib in Resources */ = {isa = PBXBuildFile; fileRef = A6622BAF137A21E30002E03D /* MainView.xib */; };
		A6622C09137A21E30002E03D /* MainViewController.m in Sources */ = {isa = PBXBuildFile; fileRef = A6622BB1137A21E30002E03D /* MainViewController.m */; };
		A6622C0A137A21E30002E03D /* MainWindow.xib in Resources */ = {isa = PBXBuildFile; fileRef = A6622BB2137A21E30002E03D /* MainWindow.xib */; };
		A6622C0B137A21E30002E03D /* YahooLocalSearch.m in Sources */ = {isa = PBXBuildFile; fileRef = A6622BB4137A21E30002E03D /* YahooLocalSearch.m */; };
		A6622C0C137A21E30002E03D /* YorientAppDelegate.m in Sources */ = {isa = PBXBuildFile; fileRef = A6622BB6137A21E30002E03D /* YorientAppDelegate.m */; };
		A6622C0D137A21E30002E03D /* BSJSONEncoder.m in Sources */ = {isa = PBXBuildFile; fileRef = A6622BBA137A21E30002E03D /* BSJSONEncoder.m */; };
		A6622C0E137A21E30002E03D /* NSArray+BSJSONAdditions.m in Sources */ = {isa = PBXBuildFile; fileRef = A6622BBC137A21E30002E03D /* NSArray+BSJSONAdditions.m */; };
		A6622C0F137A21E30002E03D /* NSDictionary+BSJSONAdditions.m in Sources */ = {isa = PBXBuildFile; fileRef = A6622BBE137A21E30002E03D /* NSDictionary+BSJSONAdditions.m */; };
		A6622C10137A21E30002E03D /* NSScanner+BSJSONAdditions.m in Sources */ = {isa = PBXBuildFile; fileRef = A6622BC0137A21E30002E03D /* NSScanner+BSJSONAdditions.m */; };
		A6622C11137A21E30002E03D /* NSString+BSJSONAdditions.m in Sources */ = {isa = PBXBuildFile; fileRef = A6622BC2137A21E30002E03D /* NSString+BSJSONAdditions.m */; };
		A67F63D213FF3A06005258A9 /* polaris@2x.png in Resources */ = {isa = PBXBuildFile; fileRef = A67F63D013FF3A06005258A9 /* polaris@2x.png */; };
		A67F63D313FF3A06005258A9 /* polaris.png in Resources */ = {isa = PBXBuildFile; fileRef = A67F63D113FF3A06005258A9 /* polaris.png */; };
		A69C5793144BB7AE00670AE4 /* AVFoundation.framework in Frameworks */ = {isa = PBXBuildFile; fileRef = A69C5792144BB7AE00670AE4 /* AVFoundation.framework */; };
		A69C57A0144BB7BE00670AE4 /* AssetsLibrary.framework in Frameworks */ = {isa = PBXBuildFile; fileRef = A69C579F144BB7BE00670AE4 /* AssetsLibrary.framework */; };
		A69C57BA144BB7CC00670AE4 /* CoreMedia.framework in Frameworks */ = {isa = PBXBuildFile; fileRef = A69C57B9144BB7CC00670AE4 /* CoreMedia.framework */; };
		A6BE263913811F0F000A4A4F /* BirdseyeView.m in Sources */ = {isa = PBXBuildFile; fileRef = A6BE263813811F0F000A4A4F /* BirdseyeView.m */; };
		A6BFE087130B7484007D8CA3 /* Default.png in Resources */ = {isa = PBXBuildFile; fileRef = A6BFE081130B7484007D8CA3 /* Default.png */; };
		A6BFE088130B7484007D8CA3 /* focus1.aif in Resources */ = {isa = PBXBuildFile; fileRef = A6BFE082130B7484007D8CA3 /* focus1.aif */; };
		A6BFE089130B7484007D8CA3 /* focus2.aif in Resources */ = {isa = PBXBuildFile; fileRef = A6BFE083130B7484007D8CA3 /* focus2.aif */; };
		A6BFE08A130B7484007D8CA3 /* focus3.aif in Resources */ = {isa = PBXBuildFile; fileRef = A6BFE084130B7484007D8CA3 /* focus3.aif */; };
		A6BFE08B130B7484007D8CA3 /* Icon.png in Resources */ = {isa = PBXBuildFile; fileRef = A6BFE085130B7484007D8CA3 /* Icon.png */; };
		A6BFE08C130B7484007D8CA3 /* spot_metrix_logo.jpg in Resources */ = {isa = PBXBuildFile; fileRef = A6BFE086130B7484007D8CA3 /* spot_metrix_logo.jpg */; };
		A6C2F06C143CF45000EDE309 /* ar_icon_white_34x34.png in Resources */ = {isa = PBXBuildFile; fileRef = A6C2F06A143CF45000EDE309 /* ar_icon_white_34x34.png */; };
		A6C2F06D143CF45000EDE309 /* ar_icon_black_34x34.png in Resources */ = {isa = PBXBuildFile; fileRef = A6C2F06B143CF45000EDE309 /* ar_icon_black_34x34.png */; };
		A6C2F090143CF48E00EDE309 /* 3dar.plist in Resources */ = {isa = PBXBuildFile; fileRef = A6C2F07B143CF48D00EDE309 /* 3dar.plist */; };
		A6C2F091143CF48E00EDE309 /* 3dar_logo.png in Resources */ = {isa = PBXBuildFile; fileRef = A6C2F07E143CF48E00EDE309 /* 3dar_logo.png */; };
		A6C2F092143CF48E00EDE309 /* 3dar_logo@2x.png in Resources */ = {isa = PBXBuildFile; fileRef = A6C2F07F143CF48E00EDE309 /* 3dar_logo@2x.png */; };
		A6C2F093143CF48E00EDE309 /* 3dar_marker_icon1.png in Resources */ = {isa = PBXBuildFile; fileRef = A6C2F080143CF48E00EDE309 /* 3dar_marker_icon1.png */; };
		A6C2F094143CF48E00EDE309 /* 3dar_marker_icon1_focused.png in Resources */ = {isa = PBXBuildFile; fileRef = A6C2F081143CF48E00EDE309 /* 3dar_marker_icon1_focused.png */; };
		A6C2F095143CF48E00EDE309 /* 3dar_pano_bg.png in Resources */ = {isa = PBXBuildFile; fileRef = A6C2F082143CF48E00EDE309 /* 3dar_pano_bg.png */; };
		A6C2F096143CF48E00EDE309 /* bubble.png in Resources */ = {isa = PBXBuildFile; fileRef = A6C2F083143CF48E00EDE309 /* bubble.png */; };
		A6C2F097143CF48E00EDE309 /* powered_by_3dar_310x50.png in Resources */ = {isa = PBXBuildFile; fileRef = A6C2F084143CF48E00EDE309 /* powered_by_3dar_310x50.png */; };
		A6C2F098143CF48E00EDE309 /* powered_by_3dar_310x50@2x.png in Resources */ = {isa = PBXBuildFile; fileRef = A6C2F085143CF48E00EDE309 /* powered_by_3dar_310x50@2x.png */; };
		A6C2F099143CF48E00EDE309 /* cube.obj in Resources */ = {isa = PBXBuildFile; fileRef = A6C2F087143CF48E00EDE309 /* cube.obj */; };
		A6C2F09A143CF48E00EDE309 /* moebius.obj in Resources */ = {isa = PBXBuildFile; fileRef = A6C2F088143CF48E00EDE309 /* moebius.obj */; };
		A6C2F09B143CF48E00EDE309 /* sphere.obj in Resources */ = {isa = PBXBuildFile; fileRef = A6C2F089143CF48E00EDE309 /* sphere.obj */; };
		A6C2F09C143CF48E00EDE309 /* star.obj in Resources */ = {isa = PBXBuildFile; fileRef = A6C2F08A143CF48E00EDE309 /* star.obj */; };
		A6C2F09D143CF48E00EDE309 /* ufo.obj in Resources */ = {isa = PBXBuildFile; fileRef = A6C2F08B143CF48E00EDE309 /* ufo.obj */; };
		A6C2F09F143CF48E00EDE309 /* SM3DAR_keys.txt in Resources */ = {isa = PBXBuildFile; fileRef = A6C2F08F143CF48E00EDE309 /* SM3DAR_keys.txt */; };
		A6D3C09C13F9C2BB0087E653 /* ThumbnailMarkerWithCalloutView.m in Sources */ = {isa = PBXBuildFile; fileRef = A6D3C09B13F9C2BB0087E653 /* ThumbnailMarkerWithCalloutView.m */; };
		A6D3C2DF13FA7C120087E653 /* thumbnail_container_84x95@2x.png in Resources */ = {isa = PBXBuildFile; fileRef = A6D3C2DD13FA7C120087E653 /* thumbnail_container_84x95@2x.png */; };
		A6D3C2E013FA7C120087E653 /* thumbnail_container_84x95.png in Resources */ = {isa = PBXBuildFile; fileRef = A6D3C2DE13FA7C120087E653 /* thumbnail_container_84x95.png */; };
		A6D3C2EE13FA80D60087E653 /* ThumbnailCalloutFocusView.m in Sources */ = {isa = PBXBuildFile; fileRef = A6D3C2ED13FA80D60087E653 /* ThumbnailCalloutFocusView.m */; };
		A6D3C39A13FA948D0087E653 /* temple_70x70@2x.jpg in Resources */ = {isa = PBXBuildFile; fileRef = A6D3C39813FA948D0087E653 /* temple_70x70@2x.jpg */; };
		A6D3C39B13FA948D0087E653 /* temple_70x70.jpg in Resources */ = {isa = PBXBuildFile; fileRef = A6D3C39913FA948D0087E653 /* temple_70x70.jpg */; };
		A6D68FB4137A692A00402D63 /* Debug.xcconfig in Resources */ = {isa = PBXBuildFile; fileRef = A6D68FAF137A692A00402D63 /* Debug.xcconfig */; };
		A6D68FB5137A692A00402D63 /* Distribution.xcconfig in Resources */ = {isa = PBXBuildFile; fileRef = A6D68FB0137A692A00402D63 /* Distribution.xcconfig */; };
		A6D68FB6137A692A00402D63 /* Private.xcconfig in Resources */ = {isa = PBXBuildFile; fileRef = A6D68FB1137A692A00402D63 /* Private.xcconfig */; };
		A6D68FB7137A692A00402D63 /* Release.xcconfig in Resources */ = {isa = PBXBuildFile; fileRef = A6D68FB2137A692A00402D63 /* Release.xcconfig */; };
		A6D68FB8137A692A00402D63 /* Shared.xcconfig in Resources */ = {isa = PBXBuildFile; fileRef = A6D68FB3137A692A00402D63 /* Shared.xcconfig */; };
		A6D68FBA137A697900402D63 /* CFNetwork.framework in Frameworks */ = {isa = PBXBuildFile; fileRef = A6D68FB9137A697900402D63 /* CFNetwork.framework */; };
		A6D68FBE137A69B400402D63 /* MobileCoreServices.framework in Frameworks */ = {isa = PBXBuildFile; fileRef = A6D68FBD137A69B400402D63 /* MobileCoreServices.framework */; };
		A6D68FC0137A69B400402D63 /* SystemConfiguration.framework in Frameworks */ = {isa = PBXBuildFile; fileRef = A6D68FBF137A69B400402D63 /* SystemConfiguration.framework */; };
		A6D68FC4137A69C800402D63 /* libz.dylib in Frameworks */ = {isa = PBXBuildFile; fileRef = A6D68FC3137A69C800402D63 /* libz.dylib */; };
		A6EA495614199EF800560707 /* Default-Portrait.png in Resources */ = {isa = PBXBuildFile; fileRef = A6EA495314199EF800560707 /* Default-Portrait.png */; };
		A6EA495714199EF800560707 /* Default@2x.png in Resources */ = {isa = PBXBuildFile; fileRef = A6EA495414199EF800560707 /* Default@2x.png */; };
		A6EA495814199EF800560707 /* Icon@2x.png in Resources */ = {isa = PBXBuildFile; fileRef = A6EA495514199EF800560707 /* Icon@2x.png */; };
/* End PBXBuildFile section */

/* Begin PBXFileReference section */
		1D6058910D05DD3D006BFB54 /* Yorient.app */ = {isa = PBXFileReference; explicitFileType = wrapper.application; includeInIndex = 0; path = Yorient.app; sourceTree = BUILT_PRODUCTS_DIR; };
		29B97316FDCFA39411CA2CEA /* main.m */ = {isa = PBXFileReference; fileEncoding = 4; lastKnownFileType = sourcecode.c.objc; path = main.m; sourceTree = "<group>"; };
		32CA4F630368D1EE00C91783 /* Yorient_Prefix.pch */ = {isa = PBXFileReference; fileEncoding = 4; lastKnownFileType = sourcecode.c.h; path = Yorient_Prefix.pch; sourceTree = "<group>"; };
		8D1107310486CEB800E47090 /* Yorient-Info.plist */ = {isa = PBXFileReference; fileEncoding = 4; lastKnownFileType = text.plist.xml; path = "Yorient-Info.plist"; plistStructureDefinitionIdentifier = "com.apple.xcode.plist.structure-definition.iphone.info-plist"; sourceTree = "<group>"; };
		A618BB991607DE7300755CE7 /* Default-568h@2x.png */ = {isa = PBXFileReference; lastKnownFileType = image.png; path = "Default-568h@2x.png"; sourceTree = "<group>"; };
		A618BB9B1607DE8A00755CE7 /* lib3DAR_v2_2.a */ = {isa = PBXFileReference; lastKnownFileType = archive.ar; path = lib3DAR_v2_2.a; sourceTree = "<group>"; };
		A645425612A4E3B40014F23C /* AudioToolbox.framework */ = {isa = PBXFileReference; lastKnownFileType = wrapper.framework; name = AudioToolbox.framework; path = System/Library/Frameworks/AudioToolbox.framework; sourceTree = SDKROOT; };
		A645425812A4E3B40014F23C /* CoreGraphics.framework */ = {isa = PBXFileReference; lastKnownFileType = wrapper.framework; name = CoreGraphics.framework; path = System/Library/Frameworks/CoreGraphics.framework; sourceTree = SDKROOT; };
		A645425A12A4E3B40014F23C /* CoreLocation.framework */ = {isa = PBXFileReference; lastKnownFileType = wrapper.framework; name = CoreLocation.framework; path = System/Library/Frameworks/CoreLocation.framework; sourceTree = SDKROOT; };
		A645425C12A4E3B40014F23C /* CoreMotion.framework */ = {isa = PBXFileReference; lastKnownFileType = wrapper.framework; name = CoreMotion.framework; path = System/Library/Frameworks/CoreMotion.framework; sourceTree = SDKROOT; };
		A645425E12A4E3B40014F23C /* Foundation.framework */ = {isa = PBXFileReference; lastKnownFileType = wrapper.framework; name = Foundation.framework; path = System/Library/Frameworks/Foundation.framework; sourceTree = SDKROOT; };
		A645426012A4E3B40014F23C /* MapKit.framework */ = {isa = PBXFileReference; lastKnownFileType = wrapper.framework; name = MapKit.framework; path = System/Library/Frameworks/MapKit.framework; sourceTree = SDKROOT; };
		A645426212A4E3B40014F23C /* OpenGLES.framework */ = {isa = PBXFileReference; lastKnownFileType = wrapper.framework; name = OpenGLES.framework; path = System/Library/Frameworks/OpenGLES.framework; sourceTree = SDKROOT; };
		A645426412A4E3B40014F23C /* QuartzCore.framework */ = {isa = PBXFileReference; lastKnownFileType = wrapper.framework; name = QuartzCore.framework; path = System/Library/Frameworks/QuartzCore.framework; sourceTree = SDKROOT; };
		A645426612A4E3B40014F23C /* UIKit.framework */ = {isa = PBXFileReference; lastKnownFileType = wrapper.framework; name = UIKit.framework; path = System/Library/Frameworks/UIKit.framework; sourceTree = SDKROOT; };
		A64E6BFD137CB5C5003A06B5 /* refresh_button.png */ = {isa = PBXFileReference; lastKnownFileType = image.png; path = refresh_button.png; sourceTree = "<group>"; };
		A64E6BFE137CB5C6003A06B5 /* refresh_button@2x.png */ = {isa = PBXFileReference; lastKnownFileType = image.png; path = "refresh_button@2x.png"; sourceTree = "<group>"; };
		A6622BA5137A21E30002E03D /* UIApplication_TLCommon.h */ = {isa = PBXFileReference; fileEncoding = 4; lastKnownFileType = sourcecode.c.h; path = UIApplication_TLCommon.h; sourceTree = "<group>"; };
		A6622BA6137A21E30002E03D /* UIApplication_TLCommon.m */ = {isa = PBXFileReference; fileEncoding = 4; lastKnownFileType = sourcecode.c.objc; path = UIApplication_TLCommon.m; sourceTree = "<group>"; };
		A6622BA7137A21E30002E03D /* UIColor_Expanded.h */ = {isa = PBXFileReference; fileEncoding = 4; lastKnownFileType = sourcecode.c.h; path = UIColor_Expanded.h; sourceTree = "<group>"; };
		A6622BA8137A21E30002E03D /* UIColor_Expanded.m */ = {isa = PBXFileReference; fileEncoding = 4; lastKnownFileType = sourcecode.c.objc; path = UIColor_Expanded.m; sourceTree = "<group>"; };
		A6622BA9137A21E30002E03D /* Constants.h */ = {isa = PBXFileReference; fileEncoding = 4; lastKnownFileType = sourcecode.c.h; path = Constants.h; sourceTree = "<group>"; };
		A6622BAA137A21E30002E03D /* FlipsideView.h */ = {isa = PBXFileReference; fileEncoding = 4; lastKnownFileType = sourcecode.c.h; path = FlipsideView.h; sourceTree = "<group>"; };
		A6622BAB137A21E30002E03D /* FlipsideView.m */ = {isa = PBXFileReference; fileEncoding = 4; lastKnownFileType = sourcecode.c.objc; path = FlipsideView.m; sourceTree = "<group>"; };
		A6622BAC137A21E30002E03D /* FlipsideView.xib */ = {isa = PBXFileReference; lastKnownFileType = file.xib; path = FlipsideView.xib; sourceTree = "<group>"; };
		A6622BAD137A21E30002E03D /* FlipsideViewController.h */ = {isa = PBXFileReference; fileEncoding = 4; lastKnownFileType = sourcecode.c.h; path = FlipsideViewController.h; sourceTree = "<group>"; };
		A6622BAE137A21E30002E03D /* FlipsideViewController.m */ = {isa = PBXFileReference; fileEncoding = 4; lastKnownFileType = sourcecode.c.objc; path = FlipsideViewController.m; sourceTree = "<group>"; };
		A6622BAF137A21E30002E03D /* MainView.xib */ = {isa = PBXFileReference; lastKnownFileType = file.xib; path = MainView.xib; sourceTree = "<group>"; };
		A6622BB0137A21E30002E03D /* MainViewController.h */ = {isa = PBXFileReference; fileEncoding = 4; lastKnownFileType = sourcecode.c.h; path = MainViewController.h; sourceTree = "<group>"; };
		A6622BB1137A21E30002E03D /* MainViewController.m */ = {isa = PBXFileReference; fileEncoding = 4; lastKnownFileType = sourcecode.c.objc; path = MainViewController.m; sourceTree = "<group>"; };
		A6622BB2137A21E30002E03D /* MainWindow.xib */ = {isa = PBXFileReference; lastKnownFileType = file.xib; path = MainWindow.xib; sourceTree = "<group>"; };
		A6622BB3137A21E30002E03D /* YahooLocalSearch.h */ = {isa = PBXFileReference; fileEncoding = 4; lastKnownFileType = sourcecode.c.h; path = YahooLocalSearch.h; sourceTree = "<group>"; };
		A6622BB4137A21E30002E03D /* YahooLocalSearch.m */ = {isa = PBXFileReference; fileEncoding = 4; lastKnownFileType = sourcecode.c.objc; path = YahooLocalSearch.m; sourceTree = "<group>"; };
		A6622BB5137A21E30002E03D /* YorientAppDelegate.h */ = {isa = PBXFileReference; fileEncoding = 4; lastKnownFileType = sourcecode.c.h; path = YorientAppDelegate.h; sourceTree = "<group>"; };
		A6622BB6137A21E30002E03D /* YorientAppDelegate.m */ = {isa = PBXFileReference; fileEncoding = 4; lastKnownFileType = sourcecode.c.objc; path = YorientAppDelegate.m; sourceTree = "<group>"; };
		A6622BB9137A21E30002E03D /* BSJSONEncoder.h */ = {isa = PBXFileReference; fileEncoding = 4; lastKnownFileType = sourcecode.c.h; path = BSJSONEncoder.h; sourceTree = "<group>"; };
		A6622BBA137A21E30002E03D /* BSJSONEncoder.m */ = {isa = PBXFileReference; fileEncoding = 4; lastKnownFileType = sourcecode.c.objc; path = BSJSONEncoder.m; sourceTree = "<group>"; };
		A6622BBB137A21E30002E03D /* NSArray+BSJSONAdditions.h */ = {isa = PBXFileReference; fileEncoding = 4; lastKnownFileType = sourcecode.c.h; path = "NSArray+BSJSONAdditions.h"; sourceTree = "<group>"; };
		A6622BBC137A21E30002E03D /* NSArray+BSJSONAdditions.m */ = {isa = PBXFileReference; fileEncoding = 4; lastKnownFileType = sourcecode.c.objc; path = "NSArray+BSJSONAdditions.m"; sourceTree = "<group>"; };
		A6622BBD137A21E30002E03D /* NSDictionary+BSJSONAdditions.h */ = {isa = PBXFileReference; fileEncoding = 4; lastKnownFileType = sourcecode.c.h; path = "NSDictionary+BSJSONAdditions.h"; sourceTree = "<group>"; };
		A6622BBE137A21E30002E03D /* NSDictionary+BSJSONAdditions.m */ = {isa = PBXFileReference; fileEncoding = 4; lastKnownFileType = sourcecode.c.objc; path = "NSDictionary+BSJSONAdditions.m"; sourceTree = "<group>"; };
		A6622BBF137A21E30002E03D /* NSScanner+BSJSONAdditions.h */ = {isa = PBXFileReference; fileEncoding = 4; lastKnownFileType = sourcecode.c.h; path = "NSScanner+BSJSONAdditions.h"; sourceTree = "<group>"; };
		A6622BC0137A21E30002E03D /* NSScanner+BSJSONAdditions.m */ = {isa = PBXFileReference; fileEncoding = 4; lastKnownFileType = sourcecode.c.objc; path = "NSScanner+BSJSONAdditions.m"; sourceTree = "<group>"; };
		A6622BC1137A21E30002E03D /* NSString+BSJSONAdditions.h */ = {isa = PBXFileReference; fileEncoding = 4; lastKnownFileType = sourcecode.c.h; path = "NSString+BSJSONAdditions.h"; sourceTree = "<group>"; };
		A6622BC2137A21E30002E03D /* NSString+BSJSONAdditions.m */ = {isa = PBXFileReference; fileEncoding = 4; lastKnownFileType = sourcecode.c.objc; path = "NSString+BSJSONAdditions.m"; sourceTree = "<group>"; };
		A67F63D013FF3A06005258A9 /* polaris@2x.png */ = {isa = PBXFileReference; lastKnownFileType = image.png; path = "polaris@2x.png"; sourceTree = "<group>"; };
		A67F63D113FF3A06005258A9 /* polaris.png */ = {isa = PBXFileReference; lastKnownFileType = image.png; path = polaris.png; sourceTree = "<group>"; };
		A69C5792144BB7AE00670AE4 /* AVFoundation.framework */ = {isa = PBXFileReference; lastKnownFileType = wrapper.framework; name = AVFoundation.framework; path = System/Library/Frameworks/AVFoundation.framework; sourceTree = SDKROOT; };
		A69C579F144BB7BE00670AE4 /* AssetsLibrary.framework */ = {isa = PBXFileReference; lastKnownFileType = wrapper.framework; name = AssetsLibrary.framework; path = System/Library/Frameworks/AssetsLibrary.framework; sourceTree = SDKROOT; };
		A69C57B9144BB7CC00670AE4 /* CoreMedia.framework */ = {isa = PBXFileReference; lastKnownFileType = wrapper.framework; name = CoreMedia.framework; path = System/Library/Frameworks/CoreMedia.framework; sourceTree = SDKROOT; };
		A6BE263713811F0E000A4A4F /* BirdseyeView.h */ = {isa = PBXFileReference; fileEncoding = 4; lastKnownFileType = sourcecode.c.h; path = BirdseyeView.h; sourceTree = "<group>"; };
		A6BE263813811F0F000A4A4F /* BirdseyeView.m */ = {isa = PBXFileReference; fileEncoding = 4; lastKnownFileType = sourcecode.c.objc; path = BirdseyeView.m; sourceTree = "<group>"; };
		A6BFE081130B7484007D8CA3 /* Default.png */ = {isa = PBXFileReference; lastKnownFileType = image.png; path = Default.png; sourceTree = "<group>"; };
		A6BFE082130B7484007D8CA3 /* focus1.aif */ = {isa = PBXFileReference; lastKnownFileType = file; path = focus1.aif; sourceTree = "<group>"; };
		A6BFE083130B7484007D8CA3 /* focus2.aif */ = {isa = PBXFileReference; lastKnownFileType = file; path = focus2.aif; sourceTree = "<group>"; };
		A6BFE084130B7484007D8CA3 /* focus3.aif */ = {isa = PBXFileReference; lastKnownFileType = file; path = focus3.aif; sourceTree = "<group>"; };
		A6BFE085130B7484007D8CA3 /* Icon.png */ = {isa = PBXFileReference; lastKnownFileType = image.png; path = Icon.png; sourceTree = "<group>"; };
		A6BFE086130B7484007D8CA3 /* spot_metrix_logo.jpg */ = {isa = PBXFileReference; lastKnownFileType = image.jpeg; path = spot_metrix_logo.jpg; sourceTree = "<group>"; };
		A6C2F06A143CF45000EDE309 /* ar_icon_white_34x34.png */ = {isa = PBXFileReference; lastKnownFileType = image.png; path = ar_icon_white_34x34.png; sourceTree = "<group>"; };
		A6C2F06B143CF45000EDE309 /* ar_icon_black_34x34.png */ = {isa = PBXFileReference; lastKnownFileType = image.png; path = ar_icon_black_34x34.png; sourceTree = "<group>"; };
		A6C2F07B143CF48D00EDE309 /* 3dar.plist */ = {isa = PBXFileReference; fileEncoding = 4; lastKnownFileType = text.plist.xml; path = 3dar.plist; sourceTree = "<group>"; };
		A6C2F07E143CF48E00EDE309 /* 3dar_logo.png */ = {isa = PBXFileReference; lastKnownFileType = image.png; path = 3dar_logo.png; sourceTree = "<group>"; };
		A6C2F07F143CF48E00EDE309 /* 3dar_logo@2x.png */ = {isa = PBXFileReference; lastKnownFileType = image.png; path = "3dar_logo@2x.png"; sourceTree = "<group>"; };
		A6C2F080143CF48E00EDE309 /* 3dar_marker_icon1.png */ = {isa = PBXFileReference; lastKnownFileType = image.png; path = 3dar_marker_icon1.png; sourceTree = "<group>"; };
		A6C2F081143CF48E00EDE309 /* 3dar_marker_icon1_focused.png */ = {isa = PBXFileReference; lastKnownFileType = image.png; path = 3dar_marker_icon1_focused.png; sourceTree = "<group>"; };
		A6C2F082143CF48E00EDE309 /* 3dar_pano_bg.png */ = {isa = PBXFileReference; lastKnownFileType = image.png; path = 3dar_pano_bg.png; sourceTree = "<group>"; };
		A6C2F083143CF48E00EDE309 /* bubble.png */ = {isa = PBXFileReference; lastKnownFileType = image.png; path = bubble.png; sourceTree = "<group>"; };
		A6C2F084143CF48E00EDE309 /* powered_by_3dar_310x50.png */ = {isa = PBXFileReference; lastKnownFileType = image.png; path = powered_by_3dar_310x50.png; sourceTree = "<group>"; };
		A6C2F085143CF48E00EDE309 /* powered_by_3dar_310x50@2x.png */ = {isa = PBXFileReference; lastKnownFileType = image.png; path = "powered_by_3dar_310x50@2x.png"; sourceTree = "<group>"; };
		A6C2F087143CF48E00EDE309 /* cube.obj */ = {isa = PBXFileReference; fileEncoding = 4; lastKnownFileType = text; path = cube.obj; sourceTree = "<group>"; };
		A6C2F088143CF48E00EDE309 /* moebius.obj */ = {isa = PBXFileReference; fileEncoding = 4; lastKnownFileType = text; path = moebius.obj; sourceTree = "<group>"; };
		A6C2F089143CF48E00EDE309 /* sphere.obj */ = {isa = PBXFileReference; fileEncoding = 4; lastKnownFileType = text; path = sphere.obj; sourceTree = "<group>"; };
		A6C2F08A143CF48E00EDE309 /* star.obj */ = {isa = PBXFileReference; fileEncoding = 4; lastKnownFileType = text; path = star.obj; sourceTree = "<group>"; };
		A6C2F08B143CF48E00EDE309 /* ufo.obj */ = {isa = PBXFileReference; fileEncoding = 4; lastKnownFileType = text; path = ufo.obj; sourceTree = "<group>"; };
		A6C2F08E143CF48E00EDE309 /* SM3DAR.h */ = {isa = PBXFileReference; fileEncoding = 4; lastKnownFileType = sourcecode.c.h; path = SM3DAR.h; sourceTree = "<group>"; };
		A6C2F08F143CF48E00EDE309 /* SM3DAR_keys.txt */ = {isa = PBXFileReference; fileEncoding = 4; lastKnownFileType = text; path = SM3DAR_keys.txt; sourceTree = "<group>"; };
		A6D3C09A13F9C2BB0087E653 /* ThumbnailMarkerWithCalloutView.h */ = {isa = PBXFileReference; fileEncoding = 4; lastKnownFileType = sourcecode.c.h; path = ThumbnailMarkerWithCalloutView.h; sourceTree = "<group>"; };
		A6D3C09B13F9C2BB0087E653 /* ThumbnailMarkerWithCalloutView.m */ = {isa = PBXFileReference; fileEncoding = 4; lastKnownFileType = sourcecode.c.objc; path = ThumbnailMarkerWithCalloutView.m; sourceTree = "<group>"; };
		A6D3C2DD13FA7C120087E653 /* thumbnail_container_84x95@2x.png */ = {isa = PBXFileReference; lastKnownFileType = image.png; path = "thumbnail_container_84x95@2x.png"; sourceTree = "<group>"; };
		A6D3C2DE13FA7C120087E653 /* thumbnail_container_84x95.png */ = {isa = PBXFileReference; lastKnownFileType = image.png; path = thumbnail_container_84x95.png; sourceTree = "<group>"; };
		A6D3C2EC13FA80D60087E653 /* ThumbnailCalloutFocusView.h */ = {isa = PBXFileReference; fileEncoding = 4; lastKnownFileType = sourcecode.c.h; path = ThumbnailCalloutFocusView.h; sourceTree = "<group>"; };
		A6D3C2ED13FA80D60087E653 /* ThumbnailCalloutFocusView.m */ = {isa = PBXFileReference; fileEncoding = 4; lastKnownFileType = sourcecode.c.objc; path = ThumbnailCalloutFocusView.m; sourceTree = "<group>"; };
		A6D3C39813FA948D0087E653 /* temple_70x70@2x.jpg */ = {isa = PBXFileReference; lastKnownFileType = image.jpeg; path = "temple_70x70@2x.jpg"; sourceTree = "<group>"; };
		A6D3C39913FA948D0087E653 /* temple_70x70.jpg */ = {isa = PBXFileReference; lastKnownFileType = image.jpeg; path = temple_70x70.jpg; sourceTree = "<group>"; };
		A6D68FAF137A692A00402D63 /* Debug.xcconfig */ = {isa = PBXFileReference; fileEncoding = 4; lastKnownFileType = text.xcconfig; path = Debug.xcconfig; sourceTree = "<group>"; };
		A6D68FB0137A692A00402D63 /* Distribution.xcconfig */ = {isa = PBXFileReference; fileEncoding = 4; lastKnownFileType = text.xcconfig; path = Distribution.xcconfig; sourceTree = "<group>"; };
		A6D68FB1137A692A00402D63 /* Private.xcconfig */ = {isa = PBXFileReference; fileEncoding = 4; lastKnownFileType = text.xcconfig; path = Private.xcconfig; sourceTree = "<group>"; };
		A6D68FB2137A692A00402D63 /* Release.xcconfig */ = {isa = PBXFileReference; fileEncoding = 4; lastKnownFileType = text.xcconfig; path = Release.xcconfig; sourceTree = "<group>"; };
		A6D68FB3137A692A00402D63 /* Shared.xcconfig */ = {isa = PBXFileReference; fileEncoding = 4; lastKnownFileType = text.xcconfig; path = Shared.xcconfig; sourceTree = "<group>"; };
		A6D68FB9137A697900402D63 /* CFNetwork.framework */ = {isa = PBXFileReference; lastKnownFileType = wrapper.framework; name = CFNetwork.framework; path = System/Library/Frameworks/CFNetwork.framework; sourceTree = SDKROOT; };
		A6D68FBD137A69B400402D63 /* MobileCoreServices.framework */ = {isa = PBXFileReference; lastKnownFileType = wrapper.framework; name = MobileCoreServices.framework; path = System/Library/Frameworks/MobileCoreServices.framework; sourceTree = SDKROOT; };
		A6D68FBF137A69B400402D63 /* SystemConfiguration.framework */ = {isa = PBXFileReference; lastKnownFileType = wrapper.framework; name = SystemConfiguration.framework; path = System/Library/Frameworks/SystemConfiguration.framework; sourceTree = SDKROOT; };
		A6D68FC3137A69C800402D63 /* libz.dylib */ = {isa = PBXFileReference; lastKnownFileType = "compiled.mach-o.dylib"; name = libz.dylib; path = usr/lib/libz.dylib; sourceTree = SDKROOT; };
		A6EA495314199EF800560707 /* Default-Portrait.png */ = {isa = PBXFileReference; lastKnownFileType = image.png; path = "Default-Portrait.png"; sourceTree = "<group>"; };
		A6EA495414199EF800560707 /* Default@2x.png */ = {isa = PBXFileReference; lastKnownFileType = image.png; path = "Default@2x.png"; sourceTree = "<group>"; };
		A6EA495514199EF800560707 /* Icon@2x.png */ = {isa = PBXFileReference; lastKnownFileType = image.png; path = "Icon@2x.png"; sourceTree = "<group>"; };
/* End PBXFileReference section */

/* Begin PBXFrameworksBuildPhase section */
		1D60588F0D05DD3D006BFB54 /* Frameworks */ = {
			isa = PBXFrameworksBuildPhase;
			buildActionMask = 2147483647;
			files = (
				A645425712A4E3B40014F23C /* AudioToolbox.framework in Frameworks */,
				A645425912A4E3B40014F23C /* CoreGraphics.framework in Frameworks */,
				A645425B12A4E3B40014F23C /* CoreLocation.framework in Frameworks */,
				A645425D12A4E3B40014F23C /* CoreMotion.framework in Frameworks */,
				A645425F12A4E3B40014F23C /* Foundation.framework in Frameworks */,
				A645426112A4E3B40014F23C /* MapKit.framework in Frameworks */,
				A645426312A4E3B40014F23C /* OpenGLES.framework in Frameworks */,
				A645426512A4E3B40014F23C /* QuartzCore.framework in Frameworks */,
				A645426712A4E3B40014F23C /* UIKit.framework in Frameworks */,
				A6D68FBA137A697900402D63 /* CFNetwork.framework in Frameworks */,
				A6D68FBE137A69B400402D63 /* MobileCoreServices.framework in Frameworks */,
				A6D68FC0137A69B400402D63 /* SystemConfiguration.framework in Frameworks */,
				A6D68FC4137A69C800402D63 /* libz.dylib in Frameworks */,
				A69C5793144BB7AE00670AE4 /* AVFoundation.framework in Frameworks */,
				A69C57A0144BB7BE00670AE4 /* AssetsLibrary.framework in Frameworks */,
				A69C57BA144BB7CC00670AE4 /* CoreMedia.framework in Frameworks */,
				A618BB9C1607DE8A00755CE7 /* lib3DAR_v2_2.a in Frameworks */,
			);
			runOnlyForDeploymentPostprocessing = 0;
		};
/* End PBXFrameworksBuildPhase section */

/* Begin PBXGroup section */
		19C28FACFE9D520D11CA2CBB /* Products */ = {
			isa = PBXGroup;
			children = (
				1D6058910D05DD3D006BFB54 /* Yorient.app */,
			);
			name = Products;
			sourceTree = "<group>";
		};
		29B97314FDCFA39411CA2CEA /* CustomTemplate */ = {
			isa = PBXGroup;
			children = (
				A6C2F07A143CF48D00EDE309 /* 3DAR */,
				A6D68FAE137A692A00402D63 /* Build Configuration */,
				A6334ACC130B7416004AFB13 /* Assets */,
				29B97315FDCFA39411CA2CEA /* Other Sources */,
				29B97317FDCFA39411CA2CEA /* Resources */,
				A6622BA3137A21E30002E03D /* Source */,
				A6622BB7137A21E30002E03D /* Vendor */,
				29B97323FDCFA39411CA2CEA /* Frameworks */,
				19C28FACFE9D520D11CA2CBB /* Products */,
			);
			name = CustomTemplate;
			sourceTree = "<group>";
		};
		29B97315FDCFA39411CA2CEA /* Other Sources */ = {
			isa = PBXGroup;
			children = (
				29B97316FDCFA39411CA2CEA /* main.m */,
				32CA4F630368D1EE00C91783 /* Yorient_Prefix.pch */,
			);
			name = "Other Sources";
			sourceTree = "<group>";
		};
		29B97317FDCFA39411CA2CEA /* Resources */ = {
			isa = PBXGroup;
			children = (
				8D1107310486CEB800E47090 /* Yorient-Info.plist */,
			);
			name = Resources;
			sourceTree = "<group>";
		};
		29B97323FDCFA39411CA2CEA /* Frameworks */ = {
			isa = PBXGroup;
			children = (
				A69C5792144BB7AE00670AE4 /* AVFoundation.framework */,
				A69C579F144BB7BE00670AE4 /* AssetsLibrary.framework */,
				A69C57B9144BB7CC00670AE4 /* CoreMedia.framework */,
				A6D68FB9137A697900402D63 /* CFNetwork.framework */,
				A6D68FBD137A69B400402D63 /* MobileCoreServices.framework */,
				A6D68FBF137A69B400402D63 /* SystemConfiguration.framework */,
				A6D68FC3137A69C800402D63 /* libz.dylib */,
				A645425612A4E3B40014F23C /* AudioToolbox.framework */,
				A645425812A4E3B40014F23C /* CoreGraphics.framework */,
				A645425A12A4E3B40014F23C /* CoreLocation.framework */,
				A645425C12A4E3B40014F23C /* CoreMotion.framework */,
				A645425E12A4E3B40014F23C /* Foundation.framework */,
				A645426012A4E3B40014F23C /* MapKit.framework */,
				A645426212A4E3B40014F23C /* OpenGLES.framework */,
				A645426412A4E3B40014F23C /* QuartzCore.framework */,
				A645426612A4E3B40014F23C /* UIKit.framework */,
			);
			name = Frameworks;
			sourceTree = "<group>";
		};
		A60C94841457B21E00C61B3B /* Lib */ = {
			isa = PBXGroup;
			children = (
				A618BB9B1607DE8A00755CE7 /* lib3DAR_v2_2.a */,
			);
			path = Lib;
			sourceTree = "<group>";
		};
		A6334ACC130B7416004AFB13 /* Assets */ = {
			isa = PBXGroup;
			children = (
				A6C2F06B143CF45000EDE309 /* ar_icon_black_34x34.png */,
				A6C2F06A143CF45000EDE309 /* ar_icon_white_34x34.png */,
				A618BB991607DE7300755CE7 /* Default-568h@2x.png */,
				A6EA495314199EF800560707 /* Default-Portrait.png */,
				A6BFE081130B7484007D8CA3 /* Default.png */,
				A6EA495414199EF800560707 /* Default@2x.png */,
				A6BFE082130B7484007D8CA3 /* focus1.aif */,
				A6BFE083130B7484007D8CA3 /* focus2.aif */,
				A6BFE084130B7484007D8CA3 /* focus3.aif */,
				A6BFE085130B7484007D8CA3 /* Icon.png */,
				A6EA495514199EF800560707 /* Icon@2x.png */,
				A67F63D113FF3A06005258A9 /* polaris.png */,
				A67F63D013FF3A06005258A9 /* polaris@2x.png */,
				A64E6BFD137CB5C5003A06B5 /* refresh_button.png */,
				A64E6BFE137CB5C6003A06B5 /* refresh_button@2x.png */,
				A6BFE086130B7484007D8CA3 /* spot_metrix_logo.jpg */,
				A6D3C39913FA948D0087E653 /* temple_70x70.jpg */,
				A6D3C39813FA948D0087E653 /* temple_70x70@2x.jpg */,
				A6D3C2DE13FA7C120087E653 /* thumbnail_container_84x95.png */,
				A6D3C2DD13FA7C120087E653 /* thumbnail_container_84x95@2x.png */,
			);
			path = Assets;
			sourceTree = "<group>";
		};
		A6622BA3137A21E30002E03D /* Source */ = {
			isa = PBXGroup;
			children = (
				A6BE263713811F0E000A4A4F /* BirdseyeView.h */,
				A6BE263813811F0F000A4A4F /* BirdseyeView.m */,
				A6622BA4137A21E30002E03D /* Categories */,
				A6622BA9137A21E30002E03D /* Constants.h */,
				A6622BAA137A21E30002E03D /* FlipsideView.h */,
				A6622BAB137A21E30002E03D /* FlipsideView.m */,
				A6622BAC137A21E30002E03D /* FlipsideView.xib */,
				A6622BAD137A21E30002E03D /* FlipsideViewController.h */,
				A6622BAE137A21E30002E03D /* FlipsideViewController.m */,
				A6622BAF137A21E30002E03D /* MainView.xib */,
				A6622BB0137A21E30002E03D /* MainViewController.h */,
				A6622BB1137A21E30002E03D /* MainViewController.m */,
				A6622BB2137A21E30002E03D /* MainWindow.xib */,
				A6D3C09A13F9C2BB0087E653 /* ThumbnailMarkerWithCalloutView.h */,
				A6D3C09B13F9C2BB0087E653 /* ThumbnailMarkerWithCalloutView.m */,
				A6622BB3137A21E30002E03D /* YahooLocalSearch.h */,
				A6622BB4137A21E30002E03D /* YahooLocalSearch.m */,
				A6622BB5137A21E30002E03D /* YorientAppDelegate.h */,
				A6622BB6137A21E30002E03D /* YorientAppDelegate.m */,
				A6D3C2EC13FA80D60087E653 /* ThumbnailCalloutFocusView.h */,
				A6D3C2ED13FA80D60087E653 /* ThumbnailCalloutFocusView.m */,
			);
			path = Source;
			sourceTree = "<group>";
		};
		A6622BA4137A21E30002E03D /* Categories */ = {
			isa = PBXGroup;
			children = (
				A6622BA5137A21E30002E03D /* UIApplication_TLCommon.h */,
				A6622BA6137A21E30002E03D /* UIApplication_TLCommon.m */,
				A6622BA7137A21E30002E03D /* UIColor_Expanded.h */,
				A6622BA8137A21E30002E03D /* UIColor_Expanded.m */,
			);
			path = Categories;
			sourceTree = "<group>";
		};
		A6622BB7137A21E30002E03D /* Vendor */ = {
			isa = PBXGroup;
			children = (
				A69CBA6E13DA3E3700E718D1 /* ext */,
				A6622BB8137A21E30002E03D /* BSJSONAdditions */,
			);
			path = Vendor;
			sourceTree = "<group>";
		};
		A6622BB8137A21E30002E03D /* BSJSONAdditions */ = {
			isa = PBXGroup;
			children = (
				A6622BB9137A21E30002E03D /* BSJSONEncoder.h */,
				A6622BBA137A21E30002E03D /* BSJSONEncoder.m */,
				A6622BBB137A21E30002E03D /* NSArray+BSJSONAdditions.h */,
				A6622BBC137A21E30002E03D /* NSArray+BSJSONAdditions.m */,
				A6622BBD137A21E30002E03D /* NSDictionary+BSJSONAdditions.h */,
				A6622BBE137A21E30002E03D /* NSDictionary+BSJSONAdditions.m */,
				A6622BBF137A21E30002E03D /* NSScanner+BSJSONAdditions.h */,
				A6622BC0137A21E30002E03D /* NSScanner+BSJSONAdditions.m */,
				A6622BC1137A21E30002E03D /* NSString+BSJSONAdditions.h */,
				A6622BC2137A21E30002E03D /* NSString+BSJSONAdditions.m */,
			);
			path = BSJSONAdditions;
			sourceTree = "<group>";
		};
		A69CBA6E13DA3E3700E718D1 /* ext */ = {
			isa = PBXGroup;
			children = (
			);
			path = ext;
			sourceTree = "<group>";
		};
		A6C2F07A143CF48D00EDE309 /* 3DAR */ = {
			isa = PBXGroup;
			children = (
				A6C2F07C143CF48E00EDE309 /* Assets */,
				A60C94841457B21E00C61B3B /* Lib */,
				A6C2F07B143CF48D00EDE309 /* 3dar.plist */,
				A6C2F08E143CF48E00EDE309 /* SM3DAR.h */,
				A6C2F08F143CF48E00EDE309 /* SM3DAR_keys.txt */,
			);
			path = 3DAR;
			sourceTree = "<group>";
		};
		A6C2F07C143CF48E00EDE309 /* Assets */ = {
			isa = PBXGroup;
			children = (
				A6C2F07D143CF48E00EDE309 /* images */,
				A6C2F086143CF48E00EDE309 /* models */,
			);
			path = Assets;
			sourceTree = "<group>";
		};
		A6C2F07D143CF48E00EDE309 /* images */ = {
			isa = PBXGroup;
			children = (
				A6C2F07E143CF48E00EDE309 /* 3dar_logo.png */,
				A6C2F07F143CF48E00EDE309 /* 3dar_logo@2x.png */,
				A6C2F080143CF48E00EDE309 /* 3dar_marker_icon1.png */,
				A6C2F081143CF48E00EDE309 /* 3dar_marker_icon1_focused.png */,
				A6C2F082143CF48E00EDE309 /* 3dar_pano_bg.png */,
				A6C2F083143CF48E00EDE309 /* bubble.png */,
				A6C2F084143CF48E00EDE309 /* powered_by_3dar_310x50.png */,
				A6C2F085143CF48E00EDE309 /* powered_by_3dar_310x50@2x.png */,
			);
			path = images;
			sourceTree = "<group>";
		};
		A6C2F086143CF48E00EDE309 /* models */ = {
			isa = PBXGroup;
			children = (
				A6C2F087143CF48E00EDE309 /* cube.obj */,
				A6C2F088143CF48E00EDE309 /* moebius.obj */,
				A6C2F089143CF48E00EDE309 /* sphere.obj */,
				A6C2F08A143CF48E00EDE309 /* star.obj */,
				A6C2F08B143CF48E00EDE309 /* ufo.obj */,
			);
			path = models;
			sourceTree = "<group>";
		};
		A6D68FAE137A692A00402D63 /* Build Configuration */ = {
			isa = PBXGroup;
			children = (
				A6D68FAF137A692A00402D63 /* Debug.xcconfig */,
				A6D68FB0137A692A00402D63 /* Distribution.xcconfig */,
				A6D68FB1137A692A00402D63 /* Private.xcconfig */,
				A6D68FB2137A692A00402D63 /* Release.xcconfig */,
				A6D68FB3137A692A00402D63 /* Shared.xcconfig */,
			);
			name = "Build Configuration";
			sourceTree = "<group>";
		};
/* End PBXGroup section */

/* Begin PBXNativeTarget section */
		1D6058900D05DD3D006BFB54 /* Yorient */ = {
			isa = PBXNativeTarget;
			buildConfigurationList = 1D6058960D05DD3E006BFB54 /* Build configuration list for PBXNativeTarget "Yorient" */;
			buildPhases = (
				1D60588D0D05DD3D006BFB54 /* Resources */,
				1D60588E0D05DD3D006BFB54 /* Sources */,
				1D60588F0D05DD3D006BFB54 /* Frameworks */,
			);
			buildRules = (
			);
			dependencies = (
			);
			name = Yorient;
			productName = SM3DARViewer;
			productReference = 1D6058910D05DD3D006BFB54 /* Yorient.app */;
			productType = "com.apple.product-type.application";
		};
/* End PBXNativeTarget section */

/* Begin PBXProject section */
		29B97313FDCFA39411CA2CEA /* Project object */ = {
			isa = PBXProject;
			attributes = {
				LastUpgradeCheck = 0420;
			};
			buildConfigurationList = C01FCF4E08A954540054247B /* Build configuration list for PBXProject "Yorient" */;
			compatibilityVersion = "Xcode 3.2";
			developmentRegion = English;
			hasScannedForEncodings = 1;
			knownRegions = (
				English,
				Japanese,
				French,
				German,
				en,
			);
			mainGroup = 29B97314FDCFA39411CA2CEA /* CustomTemplate */;
			projectDirPath = "";
			projectRoot = "";
			targets = (
				1D6058900D05DD3D006BFB54 /* Yorient */,
			);
		};
/* End PBXProject section */

/* Begin PBXResourcesBuildPhase section */
		1D60588D0D05DD3D006BFB54 /* Resources */ = {
			isa = PBXResourcesBuildPhase;
			buildActionMask = 2147483647;
			files = (
				A6BFE087130B7484007D8CA3 /* Default.png in Resources */,
				A6BFE088130B7484007D8CA3 /* focus1.aif in Resources */,
				A6BFE089130B7484007D8CA3 /* focus2.aif in Resources */,
				A6BFE08A130B7484007D8CA3 /* focus3.aif in Resources */,
				A6BFE08B130B7484007D8CA3 /* Icon.png in Resources */,
				A6BFE08C130B7484007D8CA3 /* spot_metrix_logo.jpg in Resources */,
				A6622C06137A21E30002E03D /* FlipsideView.xib in Resources */,
				A6622C08137A21E30002E03D /* MainView.xib in Resources */,
				A6622C0A137A21E30002E03D /* MainWindow.xib in Resources */,
				A6D68FB4137A692A00402D63 /* Debug.xcconfig in Resources */,
				A6D68FB5137A692A00402D63 /* Distribution.xcconfig in Resources */,
				A6D68FB6137A692A00402D63 /* Private.xcconfig in Resources */,
				A6D68FB7137A692A00402D63 /* Release.xcconfig in Resources */,
				A6D68FB8137A692A00402D63 /* Shared.xcconfig in Resources */,
				A64E6BFF137CB5C6003A06B5 /* refresh_button.png in Resources */,
				A64E6C00137CB5C6003A06B5 /* refresh_button@2x.png in Resources */,
				A6D3C2DF13FA7C120087E653 /* thumbnail_container_84x95@2x.png in Resources */,
				A6D3C2E013FA7C120087E653 /* thumbnail_container_84x95.png in Resources */,
				A6D3C39A13FA948D0087E653 /* temple_70x70@2x.jpg in Resources */,
				A6D3C39B13FA948D0087E653 /* temple_70x70.jpg in Resources */,
				A67F63D213FF3A06005258A9 /* polaris@2x.png in Resources */,
				A67F63D313FF3A06005258A9 /* polaris.png in Resources */,
				A6EA495614199EF800560707 /* Default-Portrait.png in Resources */,
				A6EA495714199EF800560707 /* Default@2x.png in Resources */,
				A6EA495814199EF800560707 /* Icon@2x.png in Resources */,
				A6C2F06C143CF45000EDE309 /* ar_icon_white_34x34.png in Resources */,
				A6C2F06D143CF45000EDE309 /* ar_icon_black_34x34.png in Resources */,
				A6C2F090143CF48E00EDE309 /* 3dar.plist in Resources */,
				A6C2F091143CF48E00EDE309 /* 3dar_logo.png in Resources */,
				A6C2F092143CF48E00EDE309 /* 3dar_logo@2x.png in Resources */,
				A6C2F093143CF48E00EDE309 /* 3dar_marker_icon1.png in Resources */,
				A6C2F094143CF48E00EDE309 /* 3dar_marker_icon1_focused.png in Resources */,
				A6C2F095143CF48E00EDE309 /* 3dar_pano_bg.png in Resources */,
				A6C2F096143CF48E00EDE309 /* bubble.png in Resources */,
				A6C2F097143CF48E00EDE309 /* powered_by_3dar_310x50.png in Resources */,
				A6C2F098143CF48E00EDE309 /* powered_by_3dar_310x50@2x.png in Resources */,
				A6C2F099143CF48E00EDE309 /* cube.obj in Resources */,
				A6C2F09A143CF48E00EDE309 /* moebius.obj in Resources */,
				A6C2F09B143CF48E00EDE309 /* sphere.obj in Resources */,
				A6C2F09C143CF48E00EDE309 /* star.obj in Resources */,
				A6C2F09D143CF48E00EDE309 /* ufo.obj in Resources */,
				A6C2F09F143CF48E00EDE309 /* SM3DAR_keys.txt in Resources */,
				A618BB9A1607DE7300755CE7 /* Default-568h@2x.png in Resources */,
			);
			runOnlyForDeploymentPostprocessing = 0;
		};
/* End PBXResourcesBuildPhase section */

/* Begin PBXSourcesBuildPhase section */
		1D60588E0D05DD3D006BFB54 /* Sources */ = {
			isa = PBXSourcesBuildPhase;
			buildActionMask = 2147483647;
			files = (
				1D60589B0D05DD56006BFB54 /* main.m in Sources */,
				A6622C03137A21E30002E03D /* UIApplication_TLCommon.m in Sources */,
				A6622C04137A21E30002E03D /* UIColor_Expanded.m in Sources */,
				A6622C05137A21E30002E03D /* FlipsideView.m in Sources */,
				A6622C07137A21E30002E03D /* FlipsideViewController.m in Sources */,
				A6622C09137A21E30002E03D /* MainViewController.m in Sources */,
				A6622C0B137A21E30002E03D /* YahooLocalSearch.m in Sources */,
				A6622C0C137A21E30002E03D /* YorientAppDelegate.m in Sources */,
				A6622C0D137A21E30002E03D /* BSJSONEncoder.m in Sources */,
				A6622C0E137A21E30002E03D /* NSArray+BSJSONAdditions.m in Sources */,
				A6622C0F137A21E30002E03D /* NSDictionary+BSJSONAdditions.m in Sources */,
				A6622C10137A21E30002E03D /* NSScanner+BSJSONAdditions.m in Sources */,
				A6622C11137A21E30002E03D /* NSString+BSJSONAdditions.m in Sources */,
				A6BE263913811F0F000A4A4F /* BirdseyeView.m in Sources */,
				A6D3C09C13F9C2BB0087E653 /* ThumbnailMarkerWithCalloutView.m in Sources */,
				A6D3C2EE13FA80D60087E653 /* ThumbnailCalloutFocusView.m in Sources */,
			);
			runOnlyForDeploymentPostprocessing = 0;
		};
/* End PBXSourcesBuildPhase section */

/* Begin XCBuildConfiguration section */
		1D6058940D05DD3E006BFB54 /* Debug */ = {
			isa = XCBuildConfiguration;
			buildSettings = {
				ALWAYS_SEARCH_USER_PATHS = NO;
				COPY_PHASE_STRIP = NO;
				FRAMEWORK_SEARCH_PATHS = (
					"$(inherited)",
					"\"$(SRCROOT)/Vendor/ext\"",
				);
				GCC_DYNAMIC_NO_PIC = NO;
				GCC_OPTIMIZATION_LEVEL = 0;
				GCC_PRECOMPILE_PREFIX_HEADER = YES;
				GCC_PREFIX_HEADER = Yorient_Prefix.pch;
				HEADER_SEARCH_PATHS = /usr/include/libxml2;
				INFOPLIST_FILE = "Yorient-Info.plist";
				LIBRARY_SEARCH_PATHS = (
					"$(inherited)",
					"\"$(SRCROOT)/3DAR/Lib\"",
				);
				OTHER_LDFLAGS = (
					"-all_load",
					"-ObjC",
					"-lxml2",
					"-lstdc++",
				);
				PRODUCT_NAME = Yorient;
				STANDARD_C_PLUS_PLUS_LIBRARY_TYPE = dynamic;
				TARGETED_DEVICE_FAMILY = "1,2";
			};
			name = Debug;
		};
		1D6058950D05DD3E006BFB54 /* Release */ = {
			isa = XCBuildConfiguration;
			buildSettings = {
				ALWAYS_SEARCH_USER_PATHS = NO;
				COPY_PHASE_STRIP = YES;
				FRAMEWORK_SEARCH_PATHS = (
					"$(inherited)",
					"\"$(SRCROOT)/Vendor/ext\"",
				);
				GCC_PRECOMPILE_PREFIX_HEADER = YES;
				GCC_PREFIX_HEADER = Yorient_Prefix.pch;
				HEADER_SEARCH_PATHS = /usr/include/libxml2;
				INFOPLIST_FILE = "Yorient-Info.plist";
				LIBRARY_SEARCH_PATHS = (
					"$(inherited)",
					"\"$(SRCROOT)/3DAR/Lib\"",
				);
				OTHER_LDFLAGS = (
					"-all_load",
					"-ObjC",
					"-lxml2",
					"-lstdc++",
				);
				PRODUCT_NAME = Yorient;
				STANDARD_C_PLUS_PLUS_LIBRARY_TYPE = dynamic;
				TARGETED_DEVICE_FAMILY = "1,2";
			};
			name = Release;
		};
		C01FCF4F08A954540054247B /* Debug */ = {
			isa = XCBuildConfiguration;
			buildSettings = {
				ARCHS = "$(ARCHS_STANDARD_32_BIT)";
				"CODE_SIGN_IDENTITY[sdk=iphoneos*]" = "iPhone Developer";
				GCC_C_LANGUAGE_STANDARD = c99;
				GCC_WARN_ABOUT_RETURN_TYPE = YES;
				GCC_WARN_UNUSED_VARIABLE = YES;
				HEADER_SEARCH_PATHS = "";
				IPHONEOS_DEPLOYMENT_TARGET = 3.1;
				PRODUCT_NAME = Yorient;
				"PROVISIONING_PROFILE[sdk=iphoneos*]" = "";
				SDKROOT = iphoneos;
				TARGETED_DEVICE_FAMILY = "1,2";
			};
			name = Debug;
		};
		C01FCF5008A954540054247B /* Release */ = {
			isa = XCBuildConfiguration;
			buildSettings = {
				ARCHS = "$(ARCHS_STANDARD_32_BIT)";
				"CODE_SIGN_IDENTITY[sdk=iphoneos*]" = "iPhone Distribution: Spot Metrix, Inc.";
				GCC_C_LANGUAGE_STANDARD = c99;
				GCC_WARN_ABOUT_RETURN_TYPE = YES;
				GCC_WARN_UNUSED_VARIABLE = YES;
				HEADER_SEARCH_PATHS = "";
				IPHONEOS_DEPLOYMENT_TARGET = 3.1;
				PRODUCT_NAME = Yorient;
				"PROVISIONING_PROFILE[sdk=iphoneos*]" = "AB03D8E8-8142-4B86-8076-EF896F27052E";
				SDKROOT = iphoneos;
				TARGETED_DEVICE_FAMILY = 2;
			};
			name = Release;
		};
/* End XCBuildConfiguration section */

/* Begin XCConfigurationList section */
		1D6058960D05DD3E006BFB54 /* Build configuration list for PBXNativeTarget "Yorient" */ = {
			isa = XCConfigurationList;
			buildConfigurations = (
				1D6058940D05DD3E006BFB54 /* Debug */,
				1D6058950D05DD3E006BFB54 /* Release */,
			);
			defaultConfigurationIsVisible = 0;
			defaultConfigurationName = Release;
		};
		C01FCF4E08A954540054247B /* Build configuration list for PBXProject "Yorient" */ = {
			isa = XCConfigurationList;
			buildConfigurations = (
				C01FCF4F08A954540054247B /* Debug */,
				C01FCF5008A954540054247B /* Release */,
			);
			defaultConfigurationIsVisible = 0;
			defaultConfigurationName = Release;
		};
/* End XCConfigurationList section */
	};
	rootObject = 29B97313FDCFA39411CA2CEA /* Project object */;
}
